Microsoft Visual Studio Solution File, Format Version 12.00
# Visual Studio Version 17
VisualStudioVersion = 17.5.2.0
MinimumVisualStudioVersion = 10.0.40219.1
Project("{FAE04EC0-301F-11D3-BF4B-00C04F79EFBC}") = "github_actions", "github_actions.csproj", "{561E82CC-2FFF-0686-2FBD-CDC3DC76B8A4}"
EndProject
Global
	GlobalSection(SolutionConfigurationPlatforms) = preSolution
		Debug|Any CPU = Debug|Any CPU
		Release|Any CPU = Release|Any CPU
	EndGlobalSection
	GlobalSection(ProjectConfigurationPlatforms) = postSolution
		{561E82CC-2FFF-0686-2FBD-CDC3DC76B8A4}.Debug|Any CPU.ActiveCfg = Debug|Any CPU
		{561E82CC-2FFF-0686-2FBD-CDC3DC76B8A4}.Debug|Any CPU.Build.0 = Debug|Any CPU
		{561E82CC-2FFF-0686-2FBD-CDC3DC76B8A4}.Release|Any CPU.ActiveCfg = Release|Any CPU
		{561E82CC-2FFF-0686-2FBD-CDC3DC76B8A4}.Release|Any CPU.Build.0 = Release|Any CPU
	EndGlobalSection
	GlobalSection(SolutionProperties) = preSolution
		HideSolutionNode = FALSE
	EndGlobalSection
	GlobalSection(ExtensibilityGlobals) = postSolution
		SolutionGuid = {C003E153-8B86-42F1-AB9B-50297F1A58E5}
	EndGlobalSection
EndGlobal
